
Microsoft Visual Studio Solution File, Format Version 12.00
# Visual Studio Version 16
VisualStudioVersion = 16.0.31112.23
MinimumVisualStudioVersion = 10.0.40219.1
Project("{9A19103F-16F7-4668-BE54-9A1E7A4F7556}") = "TemalabBackend", "TemalabBackend\TemalabBackend.csproj", "{C7F632B7-79AD-4203-950A-67750ADFAF1F}"
EndProject
Project("{FAE04EC0-301F-11D3-BF4B-00C04F79EFBC}") = "Tests", "Tests\Tests.csproj", "{F81BE34D-073A-41B4-B5B2-A8E0A2049031}"
EndProject
Global
	GlobalSection(SolutionConfigurationPlatforms) = preSolution
		Debug|Any CPU = Debug|Any CPU
		Release|Any CPU = Release|Any CPU
	EndGlobalSection
	GlobalSection(ProjectConfigurationPlatforms) = postSolution
		{C7F632B7-79AD-4203-950A-67750ADFAF1F}.Debug|Any CPU.ActiveCfg = Debug|Any CPU
		{C7F632B7-79AD-4203-950A-67750ADFAF1F}.Debug|Any CPU.Build.0 = Debug|Any CPU
		{C7F632B7-79AD-4203-950A-67750ADFAF1F}.Release|Any CPU.ActiveCfg = Release|Any CPU
		{C7F632B7-79AD-4203-950A-67750ADFAF1F}.Release|Any CPU.Build.0 = Release|Any CPU
		{F81BE34D-073A-41B4-B5B2-A8E0A2049031}.Debug|Any CPU.ActiveCfg = Debug|Any CPU
		{F81BE34D-073A-41B4-B5B2-A8E0A2049031}.Debug|Any CPU.Build.0 = Debug|Any CPU
		{F81BE34D-073A-41B4-B5B2-A8E0A2049031}.Release|Any CPU.ActiveCfg = Release|Any CPU
		{F81BE34D-073A-41B4-B5B2-A8E0A2049031}.Release|Any CPU.Build.0 = Release|Any CPU
	EndGlobalSection
	GlobalSection(SolutionProperties) = preSolution
		HideSolutionNode = FALSE
	EndGlobalSection
	GlobalSection(ExtensibilityGlobals) = postSolution
		SolutionGuid = {9D0A0052-5941-49CF-B0B8-43667041AC7D}
	EndGlobalSection
EndGlobal
